<Solution>
  <Configurations>
    <Platform Name="Any CPU" />
    <Platform Name="x64" />
  </Configurations>
  <Folder Name="/Solution Items/">
    <File Path=".editorconfig" />
  </Folder>
  <Project Path="Arkanoid.Fna/Arkanoid.Fna.csproj">
    <Platform Solution="*|x64" Project="x64" />
  </Project>
  <Project Path="Arkanoid.Logic/Arkanoid.Logic.csproj" />
</Solution>
